// !$*UTF8*$!
{
	archiveVersion = 1;
	classes = {
	};
	objectVersion = 46;
	objects = {

/* Begin PBXBuildFile section */
		775BB3EA1F43379F00027880 /* AppDelegate.swift in Sources */ = {isa = PBXBuildFile; fileRef = 775BB3E91F43379F00027880 /* AppDelegate.swift */; };
		775BB3EC1F43379F00027880 /* ViewController.swift in Sources */ = {isa = PBXBuildFile; fileRef = 775BB3EB1F43379F00027880 /* ViewController.swift */; };
		775BB3EF1F43379F00027880 /* Main.storyboard in Resources */ = {isa = PBXBuildFile; fileRef = 775BB3ED1F43379F00027880 /* Main.storyboard */; };
		775BB3F11F43379F00027880 /* Assets.xcassets in Resources */ = {isa = PBXBuildFile; fileRef = 775BB3F01F43379F00027880 /* Assets.xcassets */; };
		775BB3F41F43379F00027880 /* LaunchScreen.storyboard in Resources */ = {isa = PBXBuildFile; fileRef = 775BB3F21F43379F00027880 /* LaunchScreen.storyboard */; };
		775BB3FC1F43380E00027880 /* ScannerData.swift in Sources */ = {isa = PBXBuildFile; fileRef = 775BB3FB1F43380E00027880 /* ScannerData.swift */; };
		775BB3FE1F43388B00027880 /* ScannerPreferences.swift in Sources */ = {isa = PBXBuildFile; fileRef = 775BB3FD1F43388B00027880 /* ScannerPreferences.swift */; };
		775BB4021F433CE200027880 /* ExternalAccessory.framework in Frameworks */ = {isa = PBXBuildFile; fileRef = 775BB4011F433CE200027880 /* ExternalAccessory.framework */; };
		775BB4031F433D0000027880 /* libdtdev.a in Frameworks */ = {isa = PBXBuildFile; fileRef = 775BB3FF1F433C8300027880 /* libdtdev.a */; };
/* End PBXBuildFile section */

/* Begin PBXFileReference section */
		775BB3E61F43379F00027880 /* InfinitePeripheralExtension.app */ = {isa = PBXFileReference; explicitFileType = wrapper.application; includeInIndex = 0; path = InfinitePeripheralExtension.app; sourceTree = BUILT_PRODUCTS_DIR; };
		775BB3E91F43379F00027880 /* AppDelegate.swift */ = {isa = PBXFileReference; lastKnownFileType = sourcecode.swift; path = AppDelegate.swift; sourceTree = "<group>"; };
		775BB3EB1F43379F00027880 /* ViewController.swift */ = {isa = PBXFileReference; lastKnownFileType = sourcecode.swift; path = ViewController.swift; sourceTree = "<group>"; };
		775BB3EE1F43379F00027880 /* Base */ = {isa = PBXFileReference; lastKnownFileType = file.storyboard; name = Base; path = Base.lproj/Main.storyboard; sourceTree = "<group>"; };
		775BB3F01F43379F00027880 /* Assets.xcassets */ = {isa = PBXFileReference; lastKnownFileType = folder.assetcatalog; path = Assets.xcassets; sourceTree = "<group>"; };
		775BB3F31F43379F00027880 /* Base */ = {isa = PBXFileReference; lastKnownFileType = file.storyboard; name = Base; path = Base.lproj/LaunchScreen.storyboard; sourceTree = "<group>"; };
		775BB3F51F43379F00027880 /* Info.plist */ = {isa = PBXFileReference; lastKnownFileType = text.plist.xml; path = Info.plist; sourceTree = "<group>"; };
		775BB3FB1F43380E00027880 /* ScannerData.swift */ = {isa = PBXFileReference; fileEncoding = 4; lastKnownFileType = sourcecode.swift; path = ScannerData.swift; sourceTree = "<group>"; };
		775BB3FD1F43388B00027880 /* ScannerPreferences.swift */ = {isa = PBXFileReference; fileEncoding = 4; lastKnownFileType = sourcecode.swift; path = ScannerPreferences.swift; sourceTree = "<group>"; };
		775BB3FF1F433C8300027880 /* libdtdev.a */ = {isa = PBXFileReference; lastKnownFileType = archive.ar; name = libdtdev.a; path = InfinitePeripheralExtension/libdtdev.a; sourceTree = "<group>"; };
		775BB4011F433CE200027880 /* ExternalAccessory.framework */ = {isa = PBXFileReference; lastKnownFileType = wrapper.framework; name = ExternalAccessory.framework; path = System/Library/Frameworks/ExternalAccessory.framework; sourceTree = SDKROOT; };
		775BB4041F433D3500027880 /* DTDevices.h */ = {isa = PBXFileReference; fileEncoding = 4; lastKnownFileType = sourcecode.c.h; name = DTDevices.h; path = InfinitePeripheralExtension/DTDevices.h; sourceTree = "<group>"; };
/* End PBXFileReference section */

/* Begin PBXFrameworksBuildPhase section */
		775BB3E31F43379F00027880 /* Frameworks */ = {
			isa = PBXFrameworksBuildPhase;
			buildActionMask = 2147483647;
			files = (
				775BB4031F433D0000027880 /* libdtdev.a in Frameworks */,
				775BB4021F433CE200027880 /* ExternalAccessory.framework in Frameworks */,
			);
			runOnlyForDeploymentPostprocessing = 0;
		};
/* End PBXFrameworksBuildPhase section */

/* Begin PBXGroup section */
		775BB3DD1F43379F00027880 = {
			isa = PBXGroup;
			children = (
				775BB4041F433D3500027880 /* DTDevices.h */,
				775BB3FF1F433C8300027880 /* libdtdev.a */,
				775BB3E81F43379F00027880 /* InfinitePeripheralExtension */,
				775BB3E71F43379F00027880 /* Products */,
				775BB4001F433CE200027880 /* Frameworks */,
			);
			sourceTree = "<group>";
		};
		775BB3E71F43379F00027880 /* Products */ = {
			isa = PBXGroup;
			children = (
				775BB3E61F43379F00027880 /* InfinitePeripheralExtension.app */,
			);
			name = Products;
			sourceTree = "<group>";
		};
		775BB3E81F43379F00027880 /* InfinitePeripheralExtension */ = {
			isa = PBXGroup;
			children = (
				775BB3E91F43379F00027880 /* AppDelegate.swift */,
				775BB3EB1F43379F00027880 /* ViewController.swift */,
				775BB3ED1F43379F00027880 /* Main.storyboard */,
				775BB3F01F43379F00027880 /* Assets.xcassets */,
				775BB3F21F43379F00027880 /* LaunchScreen.storyboard */,
				775BB3F51F43379F00027880 /* Info.plist */,
				775BB3FB1F43380E00027880 /* ScannerData.swift */,
				775BB3FD1F43388B00027880 /* ScannerPreferences.swift */,
			);
			path = InfinitePeripheralExtension;
			sourceTree = "<group>";
		};
		775BB4001F433CE200027880 /* Frameworks */ = {
			isa = PBXGroup;
			children = (
				775BB4011F433CE200027880 /* ExternalAccessory.framework */,
			);
			name = Frameworks;
			sourceTree = "<group>";
		};
/* End PBXGroup section */

/* Begin PBXNativeTarget section */
		775BB3E51F43379F00027880 /* InfinitePeripheralExtension */ = {
			isa = PBXNativeTarget;
			buildConfigurationList = 775BB3F81F43379F00027880 /* Build configuration list for PBXNativeTarget "InfinitePeripheralExtension" */;
			buildPhases = (
				775BB3E21F43379F00027880 /* Sources */,
				775BB3E31F43379F00027880 /* Frameworks */,
				775BB3E41F43379F00027880 /* Resources */,
			);
			buildRules = (
			);
			dependencies = (
			);
			name = InfinitePeripheralExtension;
			productName = InfinitePeripheralExtension;
			productReference = 775BB3E61F43379F00027880 /* InfinitePeripheralExtension.app */;
			productType = "com.apple.product-type.application";
		};
/* End PBXNativeTarget section */

/* Begin PBXProject section */
		775BB3DE1F43379F00027880 /* Project object */ = {
			isa = PBXProject;
			attributes = {
				LastSwiftUpdateCheck = 0830;
				LastUpgradeCheck = 0830;
				ORGANIZATIONNAME = RailroadFrictionProductsCorporation;
				TargetAttributes = {
					775BB3E51F43379F00027880 = {
						CreatedOnToolsVersion = 8.3.2;
						DevelopmentTeam = PFAW8AS54X;
						ProvisioningStyle = Automatic;
					};
				};
			};
			buildConfigurationList = 775BB3E11F43379F00027880 /* Build configuration list for PBXProject "InfinitePeripheralExtension" */;
			compatibilityVersion = "Xcode 3.2";
			developmentRegion = English;
			hasScannedForEncodings = 0;
			knownRegions = (
				en,
				Base,
			);
			mainGroup = 775BB3DD1F43379F00027880;
			productRefGroup = 775BB3E71F43379F00027880 /* Products */;
			projectDirPath = "";
			projectRoot = "";
			targets = (
				775BB3E51F43379F00027880 /* InfinitePeripheralExtension */,
			);
		};
/* End PBXProject section */

/* Begin PBXResourcesBuildPhase section */
		775BB3E41F43379F00027880 /* Resources */ = {
			isa = PBXResourcesBuildPhase;
			buildActionMask = 2147483647;
			files = (
				775BB3F41F43379F00027880 /* LaunchScreen.storyboard in Resources */,
				775BB3F11F43379F00027880 /* Assets.xcassets in Resources */,
				775BB3EF1F43379F00027880 /* Main.storyboard in Resources */,
			);
			runOnlyForDeploymentPostprocessing = 0;
		};
/* End PBXResourcesBuildPhase section */

/* Begin PBXSourcesBuildPhase section */
		775BB3E21F43379F00027880 /* Sources */ = {
			isa = PBXSourcesBuildPhase;
			buildActionMask = 2147483647;
			files = (
				775BB3EC1F43379F00027880 /* ViewController.swift in Sources */,
				775BB3FC1F43380E00027880 /* ScannerData.swift in Sources */,
				775BB3EA1F43379F00027880 /* AppDelegate.swift in Sources */,
				775BB3FE1F43388B00027880 /* ScannerPreferences.swift in Sources */,
			);
			runOnlyForDeploymentPostprocessing = 0;
		};
/* End PBXSourcesBuildPhase section */

/* Begin PBXVariantGroup section */
		775BB3ED1F43379F00027880 /* Main.storyboard */ = {
			isa = PBXVariantGroup;
			children = (
				775BB3EE1F43379F00027880 /* Base */,
			);
			name = Main.storyboard;
			sourceTree = "<group>";
		};
		775BB3F21F43379F00027880 /* LaunchScreen.storyboard */ = {
			isa = PBXVariantGroup;
			children = (
				775BB3F31F43379F00027880 /* Base */,
			);
			name = LaunchScreen.storyboard;
			sourceTree = "<group>";
		};
/* End PBXVariantGroup section */

/* Begin XCBuildConfiguration section */
		775BB3F61F43379F00027880 /* Debug */ = {
			isa = XCBuildConfiguration;
			buildSettings = {
				ALWAYS_SEARCH_USER_PATHS = NO;
				CLANG_ANALYZER_NONNULL = YES;
				CLANG_ANALYZER_NUMBER_OBJECT_CONVERSION = YES_AGGRESSIVE;
				CLANG_CXX_LANGUAGE_STANDARD = "gnu++0x";
				CLANG_CXX_LIBRARY = "libc++";
				CLANG_ENABLE_MODULES = YES;
				CLANG_ENABLE_OBJC_ARC = YES;
				CLANG_WARN_BOOL_CONVERSION = YES;
				CLANG_WARN_CONSTANT_CONVERSION = YES;
				CLANG_WARN_DIRECT_OBJC_ISA_USAGE = YES_ERROR;
				CLANG_WARN_DOCUMENTATION_COMMENTS = YES;
				CLANG_WARN_EMPTY_BODY = YES;
				CLANG_WARN_ENUM_CONVERSION = YES;
				CLANG_WARN_INFINITE_RECURSION = YES;
				CLANG_WARN_INT_CONVERSION = YES;
				CLANG_WARN_OBJC_ROOT_CLASS = YES_ERROR;
				CLANG_WARN_SUSPICIOUS_MOVE = YES;
				CLANG_WARN_UNREACHABLE_CODE = YES;
				CLANG_WARN__DUPLICATE_METHOD_MATCH = YES;
				"CODE_SIGN_IDENTITY[sdk=iphoneos*]" = "iPhone Developer";
				COPY_PHASE_STRIP = NO;
				DEBUG_INFORMATION_FORMAT = dwarf;
				ENABLE_STRICT_OBJC_MSGSEND = YES;
				ENABLE_TESTABILITY = YES;
				GCC_C_LANGUAGE_STANDARD = gnu99;
				GCC_DYNAMIC_NO_PIC = NO;
				GCC_NO_COMMON_BLOCKS = YES;
				GCC_OPTIMIZATION_LEVEL = 0;
				GCC_PREPROCESSOR_DEFINITIONS = (
					"DEBUG=1",
					"$(inherited)",
				);
				GCC_WARN_64_TO_32_BIT_CONVERSION = YES;
				GCC_WARN_ABOUT_RETURN_TYPE = YES_ERROR;
				GCC_WARN_UNDECLARED_SELECTOR = YES;
				GCC_WARN_UNINITIALIZED_AUTOS = YES_AGGRESSIVE;
				GCC_WARN_UNUSED_FUNCTION = YES;
				GCC_WARN_UNUSED_VARIABLE = YES;
				IPHONEOS_DEPLOYMENT_TARGET = 9.3;
				MTL_ENABLE_DEBUG_INFO = YES;
				ONLY_ACTIVE_ARCH = YES;
				SDKROOT = iphoneos;
				SWIFT_ACTIVE_COMPILATION_CONDITIONS = DEBUG;
				SWIFT_OPTIMIZATION_LEVEL = "-Onone";
				TARGETED_DEVICE_FAMILY = "1,2";
			};
			name = Debug;
		};
		775BB3F71F43379F00027880 /* Release */ = {
			isa = XCBuildConfiguration;
			buildSettings = {
				ALWAYS_SEARCH_USER_PATHS = NO;
				CLANG_ANALYZER_NONNULL = YES;
				CLANG_ANALYZER_NUMBER_OBJECT_CONVERSION = YES_AGGRESSIVE;
				CLANG_CXX_LANGUAGE_STANDARD = "gnu++0x";
				CLANG_CXX_LIBRARY = "libc++";
				CLANG_ENABLE_MODULES = YES;
				CLANG_ENABLE_OBJC_ARC = YES;
				CLANG_WARN_BOOL_CONVERSION = YES;
				CLANG_WARN_CONSTANT_CONVERSION = YES;
				CLANG_WARN_DIRECT_OBJC_ISA_USAGE = YES_ERROR;
				CLANG_WARN_DOCUMENTATION_COMMENTS = YES;
				CLANG_WARN_EMPTY_BODY = YES;
				CLANG_WARN_ENUM_CONVERSION = YES;
				CLANG_WARN_INFINITE_RECURSION = YES;
				CLANG_WARN_INT_CONVERSION = YES;
				CLANG_WARN_OBJC_ROOT_CLASS = YES_ERROR;
				CLANG_WARN_SUSPICIOUS_MOVE = YES;
				CLANG_WARN_UNREACHABLE_CODE = YES;
				CLANG_WARN__DUPLICATE_METHOD_MATCH = YES;
				"CODE_SIGN_IDENTITY[sdk=iphoneos*]" = "iPhone Developer";
				COPY_PHASE_STRIP = NO;
				DEBUG_INFORMATION_FORMAT = "dwarf-with-dsym";
				ENABLE_NS_ASSERTIONS = NO;
				ENABLE_STRICT_OBJC_MSGSEND = YES;
				GCC_C_LANGUAGE_STANDARD = gnu99;
				GCC_NO_COMMON_BLOCKS = YES;
				GCC_WARN_64_TO_32_BIT_CONVERSION = YES;
				GCC_WARN_ABOUT_RETURN_TYPE = YES_ERROR;
				GCC_WARN_UNDECLARED_SELECTOR = YES;
				GCC_WARN_UNINITIALIZED_AUTOS = YES_AGGRESSIVE;
				GCC_WARN_UNUSED_FUNCTION = YES;
				GCC_WARN_UNUSED_VARIABLE = YES;
				IPHONEOS_DEPLOYMENT_TARGET = 9.3;
				MTL_ENABLE_DEBUG_INFO = NO;
				SDKROOT = iphoneos;
				SWIFT_OPTIMIZATION_LEVEL = "-Owholemodule";
				TARGETED_DEVICE_FAMILY = "1,2";
				VALIDATE_PRODUCT = YES;
			};
			name = Release;
		};
		775BB3F91F43379F00027880 /* Debug */ = {
			isa = XCBuildConfiguration;
			buildSettings = {
				ASSETCATALOG_COMPILER_APPICON_NAME = AppIcon;
				"CODE_SIGN_IDENTITY[sdk=iphoneos*]" = "iPhone Developer";
				DEVELOPMENT_TEAM = PFAW8AS54X;
				INFOPLIST_FILE = InfinitePeripheralExtension/Info.plist;
				LD_RUNPATH_SEARCH_PATHS = "$(inherited) @executable_path/Frameworks";
				LIBRARY_SEARCH_PATHS = (
					"$(inherited)",
					"$(PROJECT_DIR)/InfinitePeripheralExtension",
				);
				PRODUCT_BUNDLE_IDENTIFIER = com.efritts.InfinitePeripheralExtension;
				PRODUCT_NAME = "$(TARGET_NAME)";
				PROVISIONING_PROFILE_SPECIFIER = "";
				"SWIFT_OBJC_BRIDGING_HEADER[arch=*]" = InfinitePeripheralExtension/DTDevices.h;
				SWIFT_VERSION = 3.0;
			};
			name = Debug;
		};
		775BB3FA1F43379F00027880 /* Release */ = {
			isa = XCBuildConfiguration;
			buildSettings = {
				ASSETCATALOG_COMPILER_APPICON_NAME = AppIcon;
				"CODE_SIGN_IDENTITY[sdk=iphoneos*]" = "iPhone Developer";
				DEVELOPMENT_TEAM = PFAW8AS54X;
				INFOPLIST_FILE = InfinitePeripheralExtension/Info.plist;
				LD_RUNPATH_SEARCH_PATHS = "$(inherited) @executable_path/Frameworks";
				LIBRARY_SEARCH_PATHS = (
					"$(inherited)",
					"$(PROJECT_DIR)/InfinitePeripheralExtension",
				);
				PRODUCT_BUNDLE_IDENTIFIER = com.efritts.InfinitePeripheralExtension;
				PRODUCT_NAME = "$(TARGET_NAME)";
				PROVISIONING_PROFILE = "";
				PROVISIONING_PROFILE_SPECIFIER = "";
				"SWIFT_OBJC_BRIDGING_HEADER[arch=*]" = InfinitePeripheralExtensionDTDevices.h;
				SWIFT_VERSION = 3.0;
			};
			name = Release;
		};
/* End XCBuildConfiguration section */

/* Begin XCConfigurationList section */
		775BB3E11F43379F00027880 /* Build configuration list for PBXProject "InfinitePeripheralExtension" */ = {
			isa = XCConfigurationList;
			buildConfigurations = (
				775BB3F61F43379F00027880 /* Debug */,
				775BB3F71F43379F00027880 /* Release */,
			);
			defaultConfigurationIsVisible = 0;
			defaultConfigurationName = Release;
		};
		775BB3F81F43379F00027880 /* Build configuration list for PBXNativeTarget "InfinitePeripheralExtension" */ = {
			isa = XCConfigurationList;
			buildConfigurations = (
				775BB3F91F43379F00027880 /* Debug */,
				775BB3FA1F43379F00027880 /* Release */,
			);
			defaultConfigurationIsVisible = 0;
		};
/* End XCConfigurationList section */
	};
	rootObject = 775BB3DE1F43379F00027880 /* Project object */;
}
